
Microsoft Visual Studio Solution File, Format Version 12.00
# Visual Studio 14
VisualStudioVersion = 14.0.24720.0
MinimumVisualStudioVersion = 10.0.40219.1
Project("{FAE04EC0-301F-11D3-BF4B-00C04F79EFBC}") = "BusHelper", "BusHelper\BusHelper.csproj", "{AA182570-C982-4477-B514-6B84A3A5892E}"
EndProject
Project("{FAE04EC0-301F-11D3-BF4B-00C04F79EFBC}") = "BusHelperDAL", "ClassLibrary1\BusHelperDAL.csproj", "{081CD27A-14F7-46F8-86E3-3E48501A01D4}"
EndProject
Global
	GlobalSection(SolutionConfigurationPlatforms) = preSolution
		Debug|Any CPU = Debug|Any CPU
		Release|Any CPU = Release|Any CPU
	EndGlobalSection
	GlobalSection(ProjectConfigurationPlatforms) = postSolution
		{AA182570-C982-4477-B514-6B84A3A5892E}.Debug|Any CPU.ActiveCfg = Debug|Any CPU
		{AA182570-C982-4477-B514-6B84A3A5892E}.Debug|Any CPU.Build.0 = Debug|Any CPU
		{AA182570-C982-4477-B514-6B84A3A5892E}.Release|Any CPU.ActiveCfg = Release|Any CPU
		{AA182570-C982-4477-B514-6B84A3A5892E}.Release|Any CPU.Build.0 = Release|Any CPU
		{081CD27A-14F7-46F8-86E3-3E48501A01D4}.Debug|Any CPU.ActiveCfg = Debug|Any CPU
		{081CD27A-14F7-46F8-86E3-3E48501A01D4}.Debug|Any CPU.Build.0 = Debug|Any CPU
		{081CD27A-14F7-46F8-86E3-3E48501A01D4}.Release|Any CPU.ActiveCfg = Release|Any CPU
		{081CD27A-14F7-46F8-86E3-3E48501A01D4}.Release|Any CPU.Build.0 = Release|Any CPU
	EndGlobalSection
	GlobalSection(SolutionProperties) = preSolution
		HideSolutionNode = FALSE
	EndGlobalSection
EndGlobal
